// !$*UTF8*$!
{
	archiveVersion = 1;
	classes = {
	};
	objectVersion = 50;
	objects = {

/* Begin PBXBuildFile section */
		B823D7A9261D80A700A02CBD /* project_realApp.swift in Sources */ = {isa = PBXBuildFile; fileRef = B823D7A8261D80A700A02CBD /* project_realApp.swift */; };
		B823D7AD261D80A800A02CBD /* Assets.xcassets in Resources */ = {isa = PBXBuildFile; fileRef = B823D7AC261D80A800A02CBD /* Assets.xcassets */; };
		B823D7B0261D80A800A02CBD /* Preview Assets.xcassets in Resources */ = {isa = PBXBuildFile; fileRef = B823D7AF261D80A800A02CBD /* Preview Assets.xcassets */; };
		B823D7B9261D80DE00A02CBD /* MyButtons.swift in Sources */ = {isa = PBXBuildFile; fileRef = B823D7B8261D80DE00A02CBD /* MyButtons.swift */; };
		B823D7BC261D80FF00A02CBD /* ContentView.swift in Sources */ = {isa = PBXBuildFile; fileRef = B823D7BB261D80FF00A02CBD /* ContentView.swift */; };
		B823D7C0261D879000A02CBD /* user.swift in Sources */ = {isa = PBXBuildFile; fileRef = B823D7BF261D879000A02CBD /* user.swift */; };
		B823D7C6261D87D300A02CBD /* UserInput.swift in Sources */ = {isa = PBXBuildFile; fileRef = B823D7C5261D87D300A02CBD /* UserInput.swift */; };
		B823D7CC261D8BFA00A02CBD /* config.swift in Sources */ = {isa = PBXBuildFile; fileRef = B823D7CB261D8BFA00A02CBD /* config.swift */; };
/* End PBXBuildFile section */

/* Begin PBXFileReference section */
		B823D7A5261D80A700A02CBD /* project_real.app */ = {isa = PBXFileReference; explicitFileType = wrapper.application; includeInIndex = 0; path = project_real.app; sourceTree = BUILT_PRODUCTS_DIR; };
		B823D7A8261D80A700A02CBD /* project_realApp.swift */ = {isa = PBXFileReference; lastKnownFileType = sourcecode.swift; path = project_realApp.swift; sourceTree = "<group>"; };
		B823D7AC261D80A800A02CBD /* Assets.xcassets */ = {isa = PBXFileReference; lastKnownFileType = folder.assetcatalog; path = Assets.xcassets; sourceTree = "<group>"; };
		B823D7AF261D80A800A02CBD /* Preview Assets.xcassets */ = {isa = PBXFileReference; lastKnownFileType = folder.assetcatalog; path = "Preview Assets.xcassets"; sourceTree = "<group>"; };
		B823D7B1261D80A800A02CBD /* Info.plist */ = {isa = PBXFileReference; lastKnownFileType = text.plist.xml; path = Info.plist; sourceTree = "<group>"; };
		B823D7B8261D80DE00A02CBD /* MyButtons.swift */ = {isa = PBXFileReference; fileEncoding = 4; lastKnownFileType = sourcecode.swift; name = MyButtons.swift; path = "../../../../.Trash/project 복사본/project/MyButtons.swift"; sourceTree = "<group>"; };
		B823D7BB261D80FF00A02CBD /* ContentView.swift */ = {isa = PBXFileReference; fileEncoding = 4; lastKnownFileType = sourcecode.swift; name = ContentView.swift; path = "../../../../.Trash/project 복사본/project/ContentView.swift"; sourceTree = "<group>"; };
		B823D7BF261D879000A02CBD /* user.swift */ = {isa = PBXFileReference; fileEncoding = 4; lastKnownFileType = sourcecode.swift; name = user.swift; path = ../../../../Downloads/apnea/apnea/user.swift; sourceTree = "<group>"; };
		B823D7C5261D87D300A02CBD /* UserInput.swift */ = {isa = PBXFileReference; fileEncoding = 4; lastKnownFileType = sourcecode.swift; name = UserInput.swift; path = ../../../../Downloads/apnea/apnea/UserInput.swift; sourceTree = "<group>"; };
		B823D7CB261D8BFA00A02CBD /* config.swift */ = {isa = PBXFileReference; lastKnownFileType = sourcecode.swift; path = config.swift; sourceTree = "<group>"; };
/* End PBXFileReference section */

/* Begin PBXFrameworksBuildPhase section */
		B823D7A2261D80A700A02CBD /* Frameworks */ = {
			isa = PBXFrameworksBuildPhase;
			buildActionMask = 2147483647;
			files = (
			);
			runOnlyForDeploymentPostprocessing = 0;
		};
/* End PBXFrameworksBuildPhase section */

/* Begin PBXGroup section */
		B823D79C261D80A700A02CBD = {
			isa = PBXGroup;
			children = (
				B823D7A7261D80A700A02CBD /* project_real */,
				B823D7A6261D80A700A02CBD /* Products */,
			);
			sourceTree = "<group>";
		};
		B823D7A6261D80A700A02CBD /* Products */ = {
			isa = PBXGroup;
			children = (
				B823D7A5261D80A700A02CBD /* project_real.app */,
			);
			name = Products;
			sourceTree = "<group>";
		};
		B823D7A7261D80A700A02CBD /* project_real */ = {
			isa = PBXGroup;
			children = (
				B823D7A8261D80A700A02CBD /* project_realApp.swift */,
				B823D7B8261D80DE00A02CBD /* MyButtons.swift */,
				B823D7BB261D80FF00A02CBD /* ContentView.swift */,
				B823D7AC261D80A800A02CBD /* Assets.xcassets */,
				B823D7BF261D879000A02CBD /* user.swift */,
				B823D7C5261D87D300A02CBD /* UserInput.swift */,
				B823D7B1261D80A800A02CBD /* Info.plist */,
				B823D7AE261D80A800A02CBD /* Preview Content */,
				B823D7CB261D8BFA00A02CBD /* config.swift */,
			);
			path = project_real;
			sourceTree = "<group>";
		};
		B823D7AE261D80A800A02CBD /* Preview Content */ = {
			isa = PBXGroup;
			children = (
				B823D7AF261D80A800A02CBD /* Preview Assets.xcassets */,
			);
			path = "Preview Content";
			sourceTree = "<group>";
		};
/* End PBXGroup section */

/* Begin PBXNativeTarget section */
		B823D7A4261D80A700A02CBD /* project_real */ = {
			isa = PBXNativeTarget;
			buildConfigurationList = B823D7B4261D80A800A02CBD /* Build configuration list for PBXNativeTarget "project_real" */;
			buildPhases = (
				B823D7A1261D80A700A02CBD /* Sources */,
				B823D7A2261D80A700A02CBD /* Frameworks */,
				B823D7A3261D80A700A02CBD /* Resources */,
			);
			buildRules = (
			);
			dependencies = (
			);
			name = project_real;
			productName = project_real;
			productReference = B823D7A5261D80A700A02CBD /* project_real.app */;
			productType = "com.apple.product-type.application";
		};
/* End PBXNativeTarget section */

/* Begin PBXProject section */
		B823D79D261D80A700A02CBD /* Project object */ = {
			isa = PBXProject;
			attributes = {
				LastSwiftUpdateCheck = 1240;
				LastUpgradeCheck = 1240;
				TargetAttributes = {
					B823D7A4261D80A700A02CBD = {
						CreatedOnToolsVersion = 12.4;
					};
				};
			};
			buildConfigurationList = B823D7A0261D80A700A02CBD /* Build configuration list for PBXProject "project_real" */;
			compatibilityVersion = "Xcode 9.3";
			developmentRegion = en;
			hasScannedForEncodings = 0;
			knownRegions = (
				en,
				Base,
			);
			mainGroup = B823D79C261D80A700A02CBD;
			productRefGroup = B823D7A6261D80A700A02CBD /* Products */;
			projectDirPath = "";
			projectRoot = "";
			targets = (
				B823D7A4261D80A700A02CBD /* project_real */,
			);
		};
/* End PBXProject section */

/* Begin PBXResourcesBuildPhase section */
		B823D7A3261D80A700A02CBD /* Resources */ = {
			isa = PBXResourcesBuildPhase;
			buildActionMask = 2147483647;
			files = (
				B823D7B0261D80A800A02CBD /* Preview Assets.xcassets in Resources */,
				B823D7AD261D80A800A02CBD /* Assets.xcassets in Resources */,
			);
			runOnlyForDeploymentPostprocessing = 0;
		};
/* End PBXResourcesBuildPhase section */

/* Begin PBXSourcesBuildPhase section */
		B823D7A1261D80A700A02CBD /* Sources */ = {
			isa = PBXSourcesBuildPhase;
			buildActionMask = 2147483647;
			files = (
				B823D7C0261D879000A02CBD /* user.swift in Sources */,
				B823D7B9261D80DE00A02CBD /* MyButtons.swift in Sources */,
				B823D7BC261D80FF00A02CBD /* ContentView.swift in Sources */,
				B823D7CC261D8BFA00A02CBD /* config.swift in Sources */,
				B823D7A9261D80A700A02CBD /* project_realApp.swift in Sources */,
				B823D7C6261D87D300A02CBD /* UserInput.swift in Sources */,
			);
			runOnlyForDeploymentPostprocessing = 0;
		};
/* End PBXSourcesBuildPhase section */

/* Begin XCBuildConfiguration section */
		B823D7B2261D80A800A02CBD /* Debug */ = {
			isa = XCBuildConfiguration;
			buildSettings = {
				ALWAYS_SEARCH_USER_PATHS = NO;
				CLANG_ANALYZER_NONNULL = YES;
				CLANG_ANALYZER_NUMBER_OBJECT_CONVERSION = YES_AGGRESSIVE;
				CLANG_CXX_LANGUAGE_STANDARD = "gnu++14";
				CLANG_CXX_LIBRARY = "libc++";
				CLANG_ENABLE_MODULES = YES;
				CLANG_ENABLE_OBJC_ARC = YES;
				CLANG_ENABLE_OBJC_WEAK = YES;
				CLANG_WARN_BLOCK_CAPTURE_AUTORELEASING = YES;
				CLANG_WARN_BOOL_CONVERSION = YES;
				CLANG_WARN_COMMA = YES;
				CLANG_WARN_CONSTANT_CONVERSION = YES;
				CLANG_WARN_DEPRECATED_OBJC_IMPLEMENTATIONS = YES;
				CLANG_WARN_DIRECT_OBJC_ISA_USAGE = YES_ERROR;
				CLANG_WARN_DOCUMENTATION_COMMENTS = YES;
				CLANG_WARN_EMPTY_BODY = YES;
				CLANG_WARN_ENUM_CONVERSION = YES;
				CLANG_WARN_INFINITE_RECURSION = YES;
				CLANG_WARN_INT_CONVERSION = YES;
				CLANG_WARN_NON_LITERAL_NULL_CONVERSION = YES;
				CLANG_WARN_OBJC_IMPLICIT_RETAIN_SELF = YES;
				CLANG_WARN_OBJC_LITERAL_CONVERSION = YES;
				CLANG_WARN_OBJC_ROOT_CLASS = YES_ERROR;
				CLANG_WARN_QUOTED_INCLUDE_IN_FRAMEWORK_HEADER = YES;
				CLANG_WARN_RANGE_LOOP_ANALYSIS = YES;
				CLANG_WARN_STRICT_PROTOTYPES = YES;
				CLANG_WARN_SUSPICIOUS_MOVE = YES;
				CLANG_WARN_UNGUARDED_AVAILABILITY = YES_AGGRESSIVE;
				CLANG_WARN_UNREACHABLE_CODE = YES;
				CLANG_WARN__DUPLICATE_METHOD_MATCH = YES;
				COPY_PHASE_STRIP = NO;
				DEBUG_INFORMATION_FORMAT = dwarf;
				ENABLE_STRICT_OBJC_MSGSEND = YES;
				ENABLE_TESTABILITY = YES;
				GCC_C_LANGUAGE_STANDARD = gnu11;
				GCC_DYNAMIC_NO_PIC = NO;
				GCC_NO_COMMON_BLOCKS = YES;
				GCC_OPTIMIZATION_LEVEL = 0;
				GCC_PREPROCESSOR_DEFINITIONS = (
					"DEBUG=1",
					"$(inherited)",
				);
				GCC_WARN_64_TO_32_BIT_CONVERSION = YES;
				GCC_WARN_ABOUT_RETURN_TYPE = YES_ERROR;
				GCC_WARN_UNDECLARED_SELECTOR = YES;
				GCC_WARN_UNINITIALIZED_AUTOS = YES_AGGRESSIVE;
				GCC_WARN_UNUSED_FUNCTION = YES;
				GCC_WARN_UNUSED_VARIABLE = YES;
				IPHONEOS_DEPLOYMENT_TARGET = 14.4;
				MTL_ENABLE_DEBUG_INFO = INCLUDE_SOURCE;
				MTL_FAST_MATH = YES;
				ONLY_ACTIVE_ARCH = YES;
				SDKROOT = iphoneos;
				SWIFT_ACTIVE_COMPILATION_CONDITIONS = DEBUG;
				SWIFT_OPTIMIZATION_LEVEL = "-Onone";
			};
			name = Debug;
		};
		B823D7B3261D80A800A02CBD /* Release */ = {
			isa = XCBuildConfiguration;
			buildSettings = {
				ALWAYS_SEARCH_USER_PATHS = NO;
				CLANG_ANALYZER_NONNULL = YES;
				CLANG_ANALYZER_NUMBER_OBJECT_CONVERSION = YES_AGGRESSIVE;
				CLANG_CXX_LANGUAGE_STANDARD = "gnu++14";
				CLANG_CXX_LIBRARY = "libc++";
				CLANG_ENABLE_MODULES = YES;
				CLANG_ENABLE_OBJC_ARC = YES;
				CLANG_ENABLE_OBJC_WEAK = YES;
				CLANG_WARN_BLOCK_CAPTURE_AUTORELEASING = YES;
				CLANG_WARN_BOOL_CONVERSION = YES;
				CLANG_WARN_COMMA = YES;
				CLANG_WARN_CONSTANT_CONVERSION = YES;
				CLANG_WARN_DEPRECATED_OBJC_IMPLEMENTATIONS = YES;
				CLANG_WARN_DIRECT_OBJC_ISA_USAGE = YES_ERROR;
				CLANG_WARN_DOCUMENTATION_COMMENTS = YES;
				CLANG_WARN_EMPTY_BODY = YES;
				CLANG_WARN_ENUM_CONVERSION = YES;
				CLANG_WARN_INFINITE_RECURSION = YES;
				CLANG_WARN_INT_CONVERSION = YES;
				CLANG_WARN_NON_LITERAL_NULL_CONVERSION = YES;
				CLANG_WARN_OBJC_IMPLICIT_RETAIN_SELF = YES;
				CLANG_WARN_OBJC_LITERAL_CONVERSION = YES;
				CLANG_WARN_OBJC_ROOT_CLASS = YES_ERROR;
				CLANG_WARN_QUOTED_INCLUDE_IN_FRAMEWORK_HEADER = YES;
				CLANG_WARN_RANGE_LOOP_ANALYSIS = YES;
				CLANG_WARN_STRICT_PROTOTYPES = YES;
				CLANG_WARN_SUSPICIOUS_MOVE = YES;
				CLANG_WARN_UNGUARDED_AVAILABILITY = YES_AGGRESSIVE;
				CLANG_WARN_UNREACHABLE_CODE = YES;
				CLANG_WARN__DUPLICATE_METHOD_MATCH = YES;
				COPY_PHASE_STRIP = NO;
				DEBUG_INFORMATION_FORMAT = "dwarf-with-dsym";
				ENABLE_NS_ASSERTIONS = NO;
				ENABLE_STRICT_OBJC_MSGSEND = YES;
				GCC_C_LANGUAGE_STANDARD = gnu11;
				GCC_NO_COMMON_BLOCKS = YES;
				GCC_WARN_64_TO_32_BIT_CONVERSION = YES;
				GCC_WARN_ABOUT_RETURN_TYPE = YES_ERROR;
				GCC_WARN_UNDECLARED_SELECTOR = YES;
				GCC_WARN_UNINITIALIZED_AUTOS = YES_AGGRESSIVE;
				GCC_WARN_UNUSED_FUNCTION = YES;
				GCC_WARN_UNUSED_VARIABLE = YES;
				IPHONEOS_DEPLOYMENT_TARGET = 14.4;
				MTL_ENABLE_DEBUG_INFO = NO;
				MTL_FAST_MATH = YES;
				SDKROOT = iphoneos;
				SWIFT_COMPILATION_MODE = wholemodule;
				SWIFT_OPTIMIZATION_LEVEL = "-O";
				VALIDATE_PRODUCT = YES;
			};
			name = Release;
		};
		B823D7B5261D80A800A02CBD /* Debug */ = {
			isa = XCBuildConfiguration;
			buildSettings = {
				ASSETCATALOG_COMPILER_APPICON_NAME = AppIcon;
				ASSETCATALOG_COMPILER_GLOBAL_ACCENT_COLOR_NAME = AccentColor;
				CODE_SIGN_STYLE = Automatic;
				DEVELOPMENT_ASSET_PATHS = "\"project_real/Preview Content\"";
				DEVELOPMENT_TEAM = XS3L8RUPRM;
				ENABLE_PREVIEWS = YES;
				INFOPLIST_FILE = project_real/Info.plist;
				IPHONEOS_DEPLOYMENT_TARGET = 14.0;
				LD_RUNPATH_SEARCH_PATHS = (
					"$(inherited)",
					"@executable_path/Frameworks",
				);
				PRODUCT_BUNDLE_IDENTIFIER = "kr.ljh.project-real";
				PRODUCT_NAME = "$(TARGET_NAME)";
				SWIFT_VERSION = 5.0;
				TARGETED_DEVICE_FAMILY = "1,2";
			};
			name = Debug;
		};
		B823D7B6261D80A800A02CBD /* Release */ = {
			isa = XCBuildConfiguration;
			buildSettings = {
				ASSETCATALOG_COMPILER_APPICON_NAME = AppIcon;
				ASSETCATALOG_COMPILER_GLOBAL_ACCENT_COLOR_NAME = AccentColor;
				CODE_SIGN_STYLE = Automatic;
				DEVELOPMENT_ASSET_PATHS = "\"project_real/Preview Content\"";
				DEVELOPMENT_TEAM = XS3L8RUPRM;
				ENABLE_PREVIEWS = YES;
				INFOPLIST_FILE = project_real/Info.plist;
				IPHONEOS_DEPLOYMENT_TARGET = 14.0;
				LD_RUNPATH_SEARCH_PATHS = (
					"$(inherited)",
					"@executable_path/Frameworks",
				);
				PRODUCT_BUNDLE_IDENTIFIER = "kr.ljh.project-real";
				PRODUCT_NAME = "$(TARGET_NAME)";
				SWIFT_VERSION = 5.0;
				TARGETED_DEVICE_FAMILY = "1,2";
			};
			name = Release;
		};
/* End XCBuildConfiguration section */

/* Begin XCConfigurationList section */
		B823D7A0261D80A700A02CBD /* Build configuration list for PBXProject "project_real" */ = {
			isa = XCConfigurationList;
			buildConfigurations = (
				B823D7B2261D80A800A02CBD /* Debug */,
				B823D7B3261D80A800A02CBD /* Release */,
			);
			defaultConfigurationIsVisible = 0;
			defaultConfigurationName = Release;
		};
		B823D7B4261D80A800A02CBD /* Build configuration list for PBXNativeTarget "project_real" */ = {
			isa = XCConfigurationList;
			buildConfigurations = (
				B823D7B5261D80A800A02CBD /* Debug */,
				B823D7B6261D80A800A02CBD /* Release */,
			);
			defaultConfigurationIsVisible = 0;
			defaultConfigurationName = Release;
		};
/* End XCConfigurationList section */
	};
	rootObject = B823D79D261D80A700A02CBD /* Project object */;
}
